
Microsoft Visual Studio Solution File, Format Version 12.00
# Visual Studio Version 16
VisualStudioVersion = 16.0.29926.136
MinimumVisualStudioVersion = 10.0.40219.1
Project("{FAE04EC0-301F-11D3-BF4B-00C04F79EFBC}") = "SInvader", "SInvader\SInvader.csproj", "{78763909-1AA5-424F-B61E-1E44094FC7F2}"
EndProject
Project("{FAE04EC0-301F-11D3-BF4B-00C04F79EFBC}") = "SInvader_Console", "SInvader_Console\SInvader_Console.csproj", "{30B10AA4-30DF-4F26-B35D-C595D1BBDD87}"
EndProject
Project("{FAE04EC0-301F-11D3-BF4B-00C04F79EFBC}") = "SInvader_Core", "SInvader_Core\SInvader_Core.csproj", "{0B0D867C-430D-4258-8FDF-DE10B65F3134}"
EndProject
Project("{FAE04EC0-301F-11D3-BF4B-00C04F79EFBC}") = "SInvader_UnitTest", "SInvader_UnitTest\SInvader_UnitTest.csproj", "{A42FEBE1-0BEC-453F-8CF9-24D1B137C951}"
EndProject
Project("{FAE04EC0-301F-11D3-BF4B-00C04F79EFBC}") = "i8080_Disassembler", "i8080_Disassembler\i8080_Disassembler.csproj", "{F74F0ADD-3832-49B7-83B1-315BF35AA1A6}"
EndProject
Global
	GlobalSection(SolutionConfigurationPlatforms) = preSolution
		Debug|Any CPU = Debug|Any CPU
		Release|Any CPU = Release|Any CPU
	EndGlobalSection
	GlobalSection(ProjectConfigurationPlatforms) = postSolution
		{78763909-1AA5-424F-B61E-1E44094FC7F2}.Debug|Any CPU.ActiveCfg = Debug|Any CPU
		{78763909-1AA5-424F-B61E-1E44094FC7F2}.Debug|Any CPU.Build.0 = Debug|Any CPU
		{78763909-1AA5-424F-B61E-1E44094FC7F2}.Release|Any CPU.ActiveCfg = Release|Any CPU
		{78763909-1AA5-424F-B61E-1E44094FC7F2}.Release|Any CPU.Build.0 = Release|Any CPU
		{30B10AA4-30DF-4F26-B35D-C595D1BBDD87}.Debug|Any CPU.ActiveCfg = Debug|Any CPU
		{30B10AA4-30DF-4F26-B35D-C595D1BBDD87}.Debug|Any CPU.Build.0 = Debug|Any CPU
		{30B10AA4-30DF-4F26-B35D-C595D1BBDD87}.Release|Any CPU.ActiveCfg = Release|Any CPU
		{30B10AA4-30DF-4F26-B35D-C595D1BBDD87}.Release|Any CPU.Build.0 = Release|Any CPU
		{0B0D867C-430D-4258-8FDF-DE10B65F3134}.Debug|Any CPU.ActiveCfg = Debug|Any CPU
		{0B0D867C-430D-4258-8FDF-DE10B65F3134}.Debug|Any CPU.Build.0 = Debug|Any CPU
		{0B0D867C-430D-4258-8FDF-DE10B65F3134}.Release|Any CPU.ActiveCfg = Release|Any CPU
		{0B0D867C-430D-4258-8FDF-DE10B65F3134}.Release|Any CPU.Build.0 = Release|Any CPU
		{A42FEBE1-0BEC-453F-8CF9-24D1B137C951}.Debug|Any CPU.ActiveCfg = Debug|Any CPU
		{A42FEBE1-0BEC-453F-8CF9-24D1B137C951}.Debug|Any CPU.Build.0 = Debug|Any CPU
		{A42FEBE1-0BEC-453F-8CF9-24D1B137C951}.Release|Any CPU.ActiveCfg = Release|Any CPU
		{A42FEBE1-0BEC-453F-8CF9-24D1B137C951}.Release|Any CPU.Build.0 = Release|Any CPU
		{F74F0ADD-3832-49B7-83B1-315BF35AA1A6}.Debug|Any CPU.ActiveCfg = Debug|Any CPU
		{F74F0ADD-3832-49B7-83B1-315BF35AA1A6}.Debug|Any CPU.Build.0 = Debug|Any CPU
		{F74F0ADD-3832-49B7-83B1-315BF35AA1A6}.Release|Any CPU.ActiveCfg = Release|Any CPU
		{F74F0ADD-3832-49B7-83B1-315BF35AA1A6}.Release|Any CPU.Build.0 = Release|Any CPU
	EndGlobalSection
	GlobalSection(SolutionProperties) = preSolution
		HideSolutionNode = FALSE
	EndGlobalSection
	GlobalSection(ExtensibilityGlobals) = postSolution
		SolutionGuid = {AD092C77-4653-41B2-BB12-80D522106407}
	EndGlobalSection
EndGlobal
